Microsoft Visual Studio Solution File, Format Version 11.00
# Visual Studio 2008

Project("{C40B3EFE-EA57-7C32-D110-28701981749D}") = "Body and Soul", "Assembly-CSharp.csproj", "{0A3D3467-E426-5FFE-0AEB-F23E83833D9B}"
EndProject
Project("{C40B3EFE-EA57-7C32-D110-28701981749D}") = "Body and Soul", "Assembly-CSharp-Editor.csproj", "{856E53E8-3547-F41B-A903-923BAF48E931}"
EndProject
Global
	GlobalSection(SolutionConfigurationPlatforms) = preSolution
		Debug|Any CPU = Debug|Any CPU
		Release|Any CPU = Release|Any CPU
	EndGlobalSection
	GlobalSection(ProjectConfigurationPlatforms) = postSolution
		{0A3D3467-E426-5FFE-0AEB-F23E83833D9B}.Debug|Any CPU.ActiveCfg = Debug|Any CPU
		{0A3D3467-E426-5FFE-0AEB-F23E83833D9B}.Debug|Any CPU.Build.0 = Debug|Any CPU
		{0A3D3467-E426-5FFE-0AEB-F23E83833D9B}.Release|Any CPU.ActiveCfg = Release|Any CPU
		{0A3D3467-E426-5FFE-0AEB-F23E83833D9B}.Release|Any CPU.Build.0 = Release|Any CPU
		{856E53E8-3547-F41B-A903-923BAF48E931}.Debug|Any CPU.ActiveCfg = Debug|Any CPU
		{856E53E8-3547-F41B-A903-923BAF48E931}.Debug|Any CPU.Build.0 = Debug|Any CPU
		{856E53E8-3547-F41B-A903-923BAF48E931}.Release|Any CPU.ActiveCfg = Release|Any CPU
		{856E53E8-3547-F41B-A903-923BAF48E931}.Release|Any CPU.Build.0 = Release|Any CPU
	EndGlobalSection
	GlobalSection(SolutionProperties) = preSolution
		HideSolutionNode = FALSE
	EndGlobalSection
	GlobalSection(MonoDevelopProperties) = preSolution
		StartupItem = Assembly-CSharp.csproj
	EndGlobalSection
EndGlobal
