Microsoft Visual Studio Solution File, Format Version 11.00
# Visual Studio 2008

Project("{78F76A0C-D33E-7CF7-DFBA-642DB7E8C108}") = "Body-and-Soul", "Assembly-CSharp.csproj", "{BB88D500-1F09-C087-DBEC-B46953AEF629}"
EndProject
Project("{78F76A0C-D33E-7CF7-DFBA-642DB7E8C108}") = "Body-and-Soul", "Assembly-CSharp-Editor.csproj", "{FD7EF1AA-473B-5608-1DAF-2C37B0E45258}"
EndProject
Global
	GlobalSection(SolutionConfigurationPlatforms) = preSolution
		Debug|Any CPU = Debug|Any CPU
		Release|Any CPU = Release|Any CPU
	EndGlobalSection
	GlobalSection(ProjectConfigurationPlatforms) = postSolution
		{BB88D500-1F09-C087-DBEC-B46953AEF629}.Debug|Any CPU.ActiveCfg = Debug|Any CPU
		{BB88D500-1F09-C087-DBEC-B46953AEF629}.Debug|Any CPU.Build.0 = Debug|Any CPU
		{BB88D500-1F09-C087-DBEC-B46953AEF629}.Release|Any CPU.ActiveCfg = Release|Any CPU
		{BB88D500-1F09-C087-DBEC-B46953AEF629}.Release|Any CPU.Build.0 = Release|Any CPU
		{FD7EF1AA-473B-5608-1DAF-2C37B0E45258}.Debug|Any CPU.ActiveCfg = Debug|Any CPU
		{FD7EF1AA-473B-5608-1DAF-2C37B0E45258}.Debug|Any CPU.Build.0 = Debug|Any CPU
		{FD7EF1AA-473B-5608-1DAF-2C37B0E45258}.Release|Any CPU.ActiveCfg = Release|Any CPU
		{FD7EF1AA-473B-5608-1DAF-2C37B0E45258}.Release|Any CPU.Build.0 = Release|Any CPU
	EndGlobalSection
	GlobalSection(SolutionProperties) = preSolution
		HideSolutionNode = FALSE
	EndGlobalSection
	GlobalSection(MonoDevelopProperties) = preSolution
		StartupItem = Assembly-CSharp.csproj
	EndGlobalSection
EndGlobal
